
Microsoft Visual Studio Solution File, Format Version 12.00
# Visual Studio Version 17
VisualStudioVersion = 17.4.33213.308
MinimumVisualStudioVersion = 10.0.40219.1
Project("{FAE04EC0-301F-11D3-BF4B-00C04F79EFBC}") = "ExperimentalWebApp", "ExperimentalWebApp\ExperimentalWebApp.csproj", "{6F7408FD-F6C3-4D74-A27D-4EA618F2FF28}"
EndProject
Project("{FAE04EC0-301F-11D3-BF4B-00C04F79EFBC}") = "ExperimentalWebApp.Db", "ExperimentalWebApp.Db\ExperimentalWebApp.Db.csproj", "{F8A99E17-B5F0-4448-8C7C-31666F218B00}"
EndProject
Global
	GlobalSection(SolutionConfigurationPlatforms) = preSolution
		Debug|Any CPU = Debug|Any CPU
		Release|Any CPU = Release|Any CPU
	EndGlobalSection
	GlobalSection(ProjectConfigurationPlatforms) = postSolution
		{6F7408FD-F6C3-4D74-A27D-4EA618F2FF28}.Debug|Any CPU.ActiveCfg = Debug|Any CPU
		{6F7408FD-F6C3-4D74-A27D-4EA618F2FF28}.Debug|Any CPU.Build.0 = Debug|Any CPU
		{6F7408FD-F6C3-4D74-A27D-4EA618F2FF28}.Release|Any CPU.ActiveCfg = Release|Any CPU
		{6F7408FD-F6C3-4D74-A27D-4EA618F2FF28}.Release|Any CPU.Build.0 = Release|Any CPU
		{F8A99E17-B5F0-4448-8C7C-31666F218B00}.Debug|Any CPU.ActiveCfg = Debug|Any CPU
		{F8A99E17-B5F0-4448-8C7C-31666F218B00}.Debug|Any CPU.Build.0 = Debug|Any CPU
		{F8A99E17-B5F0-4448-8C7C-31666F218B00}.Release|Any CPU.ActiveCfg = Release|Any CPU
		{F8A99E17-B5F0-4448-8C7C-31666F218B00}.Release|Any CPU.Build.0 = Release|Any CPU
	EndGlobalSection
	GlobalSection(SolutionProperties) = preSolution
		HideSolutionNode = FALSE
	EndGlobalSection
	GlobalSection(ExtensibilityGlobals) = postSolution
		SolutionGuid = {C5BC7BAF-5AE2-4F5B-B72C-C21E9EEE4D39}
	EndGlobalSection
EndGlobal
